# THIS IS AN AUTOGENERATED FILE. DO NOT EDIT THIS FILE DIRECTLY.
# yarn lockfile v1


ajv@^8.11.0:
  version "8.12.0"
  resolved "https://registry.yarnpkg.com/ajv/-/ajv-8.12.0.tgz#d1a0527323e22f53562c567c00991577dfbe19d1"
  integrity sha512-sRu1kpcO9yLtYxBKvqfTeh9KzZEwO3STyX1HT+4CaDzC6HpTGYhIhPIzj9XuKU7KYDwnaeh5hcOwjy1QuJzBPA==
  dependencies:
    fast-deep-equal "^3.1.1"
    json-schema-traverse "^1.0.0"
    require-from-string "^2.0.2"
    uri-js "^4.2.2"

dom-walk@^0.1.0:
  version "0.1.2"
  resolved "https://registry.yarnpkg.com/dom-walk/-/dom-walk-0.1.2.tgz#0c548bef048f4d1f2a97249002236060daa3fd84"
  integrity sha512-6QvTW9mrGeIegrFXdtQi9pk7O/nSK6lSdXW2eqUspN5LWD7UTji2Fqw5V2YLjBpHEoU9Xl/eUWNpDeZvoyOv2w==

fast-deep-equal@^3.1.1:
  version "3.1.3"
  resolved "https://registry.yarnpkg.com/fast-deep-equal/-/fast-deep-equal-3.1.3.tgz#3a7d56b559d6cbc3eb512325244e619a65c6c525"
  integrity sha512-f3qQ9oQy9j2AhBe/H9VC91wLmKBCCU/gDOnKNAYG5hswO7BLKj09Hc5HYNz9cGI++xlpDCIgDaitVs03ATR84Q==

global@^4.4.0:
  version "4.4.0"
  resolved "https://registry.yarnpkg.com/global/-/global-4.4.0.tgz#3e7b105179006a323ed71aafca3e9c57a5cc6406"
  integrity sha512-wv/LAoHdRE3BeTGz53FAamhGlPLhlssK45usmGFThIi4XqnBmjKQ16u+RNbP7WvigRZDxUsM0J3gcQ5yicaL0w==
  dependencies:
    min-document "^2.19.0"
    process "^0.11.10"

json-schema-traverse@^1.0.0:
  version "1.0.0"
  resolved "https://registry.yarnpkg.com/json-schema-traverse/-/json-schema-traverse-1.0.0.tgz#ae7bcb3656ab77a73ba5c49bf654f38e6b6860e2"
  integrity sha512-NM8/P9n3XjXhIZn1lLhkFaACTOURQXjWhV4BA/RnOv8xvgqtqpAX9IO4mRQxSx1Rlo4tqzeqb0sOlruaOy3dug==

jsonc-parser@^3.0.0:
  version "3.2.0"
  resolved "https://registry.yarnpkg.com/jsonc-parser/-/jsonc-parser-3.2.0.tgz#31ff3f4c2b9793f89c67212627c51c6394f88e76"
  integrity sha512-gfFQZrcTc8CnKXp6Y4/CBT3fTc0OVuDofpre4aEeEpSBPV5X5v4+Vmx+8snU7RLPrNHPKSgLxGo9YuQzz20o+w==

lodash@4.17.21:
  version "4.17.21"
  resolved "https://registry.yarnpkg.com/lodash/-/lodash-4.17.21.tgz#679591c564c3bffaae8454cf0b3df370c3d6911c"
  integrity sha512-v2kDEe57lecTulaDIuNTPy3Ry4gLGJ6Z1O3vE1krgXZNrsQ+LFTGHVxVjcXPs17LhbZVGedAJv8XZ1tvj5FvSg==

min-document@^2.19.0:
  version "2.19.0"
  resolved "https://registry.yarnpkg.com/min-document/-/min-document-2.19.0.tgz#7bd282e3f5842ed295bb748cdd9f1ffa2c824685"
  integrity sha512-9Wy1B3m3f66bPPmU5hdA4DR4PB2OfDU/+GS3yAB7IQozE3tqXaVv2zOjgla7MEGSRv95+ILmOuvhLkOK6wJtCQ==
  dependencies:
    dom-walk "^0.1.0"

prettier@2.0.5:
  version "2.0.5"
  resolved "https://registry.yarnpkg.com/prettier/-/prettier-2.0.5.tgz#d6d56282455243f2f92cc1716692c08aa31522d4"
  integrity sha512-7PtVymN48hGcO4fGjybyBSIWDsLU4H4XlvOHfq91pz9kkGlonzwTfYkaIEwiRg/dAJF9YlbsduBAgtYLi+8cFg==

process@^0.11.10:
  version "0.11.10"
  resolved "https://registry.yarnpkg.com/process/-/process-0.11.10.tgz#7332300e840161bda3e69a1d1d91a7d4bc16f182"
  integrity sha512-cdGef/drWFoydD1JsMzuFf8100nZl+GT+yacc2bEced5f9Rjk4z+WtFUTBu9PhOi9j/jfmBPu0mMEY4wIdAF8A==

punycode@^2.1.0:
  version "2.3.0"
  resolved "https://registry.yarnpkg.com/punycode/-/punycode-2.3.0.tgz#f67fa67c94da8f4d0cfff981aee4118064199b8f"
  integrity sha512-rRV+zQD8tVFys26lAGR9WUuS4iUAngJScM+ZRSKtvl5tKeZ2t5bvdNFdNHBW9FWR4guGHlgmsZ1G7BSm2wTbuA==

request-light@^0.5.7:
  version "0.5.8"
  resolved "https://registry.yarnpkg.com/request-light/-/request-light-0.5.8.tgz#8bf73a07242b9e7b601fac2fa5dc22a094abcc27"
  integrity sha512-3Zjgh+8b5fhRJBQZoy+zbVKpAQGLyka0MPgW3zruTF4dFFJ8Fqcfu9YsAvi/rvdcaTeWG3MkbZv4WKxAn/84Lg==

require-from-string@^2.0.2:
  version "2.0.2"
  resolved "https://registry.yarnpkg.com/require-from-string/-/require-from-string-2.0.2.tgz#89a7fdd938261267318eafe14f9c32e598c36909"
  integrity sha512-Xf0nWe6RseziFMu+Ap9biiUbmplq6S9/p+7w7YXP/JBHhrUDDUhwa+vANyubuqfZWTveU//DYVGsDG7RKL/vEw==

uri-js@^4.2.2:
  version "4.4.1"
  resolved "https://registry.yarnpkg.com/uri-js/-/uri-js-4.4.1.tgz#9b1a52595225859e55f669d928f88c6c57f2a77e"
  integrity sha512-7rKUyy33Q1yc98pQ1DAmLtwX109F7TIfWlW1Ydo8Wl1ii1SeHieeh0HHfPeL2fMXK6z0s8ecKs9frCuLJvndBg==
  dependencies:
    punycode "^2.1.0"

vscode-json-languageservice@4.1.8:
  version "4.1.8"
  resolved "https://registry.yarnpkg.com/vscode-json-languageservice/-/vscode-json-languageservice-4.1.8.tgz#397a39238d496e3e08a544a8b93df2cd13347d0c"
  integrity sha512-0vSpg6Xd9hfV+eZAaYN63xVVMOTmJ4GgHxXnkLCh+9RsQBkWKIghzLhW2B9ebfG+LQQg8uLtsQ2aUKjTgE+QOg==
  dependencies:
    jsonc-parser "^3.0.0"
    vscode-languageserver-textdocument "^1.0.1"
    vscode-languageserver-types "^3.16.0"
    vscode-nls "^5.0.0"
    vscode-uri "^3.0.2"

vscode-jsonrpc@6.0.0:
  version "6.0.0"
  resolved "https://registry.yarnpkg.com/vscode-jsonrpc/-/vscode-jsonrpc-6.0.0.tgz#108bdb09b4400705176b957ceca9e0880e9b6d4e"
  integrity sha512-wnJA4BnEjOSyFMvjZdpiOwhSq9uDoK8e/kpRJDTaMYzwlkrhG1fwDIZI94CLsLzlCK5cIbMMtFlJlfR57Lavmg==

vscode-languageserver-protocol@3.16.0:
  version "3.16.0"
  resolved "https://registry.yarnpkg.com/vscode-languageserver-protocol/-/vscode-languageserver-protocol-3.16.0.tgz#34135b61a9091db972188a07d337406a3cdbe821"
  integrity sha512-sdeUoAawceQdgIfTI+sdcwkiK2KU+2cbEYA0agzM2uqaUy2UpnnGHtWTHVEtS0ES4zHU0eMFRGN+oQgDxlD66A==
  dependencies:
    vscode-jsonrpc "6.0.0"
    vscode-languageserver-types "3.16.0"

vscode-languageserver-textdocument@^1.0.1:
  version "1.0.8"
  resolved "https://registry.yarnpkg.com/vscode-languageserver-textdocument/-/vscode-languageserver-textdocument-1.0.8.tgz#9eae94509cbd945ea44bca8dcfe4bb0c15bb3ac0"
  integrity sha512-1bonkGqQs5/fxGT5UchTgjGVnfysL0O8v1AYMBjqTbWQTFn721zaPGDYFkOKtfDgFiSgXM3KwaG3FMGfW4Ed9Q==

vscode-languageserver-types@3.16.0:
  version "3.16.0"
  resolved "https://registry.yarnpkg.com/vscode-languageserver-types/-/vscode-languageserver-types-3.16.0.tgz#ecf393fc121ec6974b2da3efb3155644c514e247"
  integrity sha512-k8luDIWJWyenLc5ToFQQMaSrqCHiLwyKPHKPQZ5zz21vM+vIVUSvsRpcbiECH4WR88K2XZqc4ScRcZ7nk/jbeA==

vscode-languageserver-types@^3.16.0:
  version "3.17.3"
  resolved "https://registry.yarnpkg.com/vscode-languageserver-types/-/vscode-languageserver-types-3.17.3.tgz#72d05e47b73be93acb84d6e311b5786390f13f64"
  integrity sha512-SYU4z1dL0PyIMd4Vj8YOqFvHu7Hz/enbWtpfnVbJHU4Nd1YNYx8u0ennumc6h48GQNeOLxmwySmnADouT/AuZA==

vscode-languageserver@^7.0.0:
  version "7.0.0"
  resolved "https://registry.yarnpkg.com/vscode-languageserver/-/vscode-languageserver-7.0.0.tgz#49b068c87cfcca93a356969d20f5d9bdd501c6b0"
  integrity sha512-60HTx5ID+fLRcgdHfmz0LDZAXYEV68fzwG0JWwEPBode9NuMYTIxuYXPg4ngO8i8+Ou0lM7y6GzaYWbiDL0drw==
  dependencies:
    vscode-languageserver-protocol "3.16.0"

vscode-nls@^5.0.0:
  version "5.2.0"
  resolved "https://registry.yarnpkg.com/vscode-nls/-/vscode-nls-5.2.0.tgz#3cb6893dd9bd695244d8a024bdf746eea665cc3f"
  integrity sha512-RAaHx7B14ZU04EU31pT+rKz2/zSl7xMsfIZuo8pd+KZO6PXtQmpevpq3vxvWNcrGbdmhM/rr5Uw5Mz+NBfhVng==

vscode-uri@^3.0.2:
  version "3.0.7"
  resolved "https://registry.yarnpkg.com/vscode-uri/-/vscode-uri-3.0.7.tgz#6d19fef387ee6b46c479e5fb00870e15e58c1eb8"
  integrity sha512-eOpPHogvorZRobNqJGhapa0JdwaxpjVvyBp0QIUMRMSf8ZAlqOdEquKuRmw9Qwu0qXtJIWqFtMkmvJjUZmMjVA==

yaml-language-server@^1.12.0:
  version "1.12.0"
  resolved "https://registry.yarnpkg.com/yaml-language-server/-/yaml-language-server-1.12.0.tgz#27e4611f1825d3246792be31938b75ce591b25e5"
  integrity sha512-cEQeHVqSH0+UgNNvVGrv3xu+NBTscBSmOS/vNfi7r5JPThgp3hIUVzjj0vxeXFj5swOxnpod0hD99tCkPGiikw==
  dependencies:
    ajv "^8.11.0"
    lodash "4.17.21"
    request-light "^0.5.7"
    vscode-json-languageservice "4.1.8"
    vscode-languageserver "^7.0.0"
    vscode-languageserver-textdocument "^1.0.1"
    vscode-languageserver-types "^3.16.0"
    vscode-nls "^5.0.0"
    vscode-uri "^3.0.2"
    yaml "2.2.1"
  optionalDependencies:
    prettier "2.0.5"

yaml@2.2.1:
  version "2.2.1"
  resolved "https://registry.yarnpkg.com/yaml/-/yaml-2.2.1.tgz#3014bf0482dcd15147aa8e56109ce8632cd60ce4"
  integrity sha512-e0WHiYql7+9wr4cWMx3TVQrNwejKaEe7/rHNmQmqRjazfOP5W8PB6Jpebb5o6fIapbz9o9+2ipcaTM2ZwDI6lw==
